
Microsoft Visual Studio Solution File, Format Version 12.00
# Visual Studio Version 16
VisualStudioVersion = 16.0.30804.86
MinimumVisualStudioVersion = 10.0.40219.1
Project("{9A19103F-16F7-4668-BE54-9A1E7A4F7556}") = "Task2", "Task2\Task2.csproj", "{357A7571-5B6C-46EA-8514-D9428EE52BB7}"
EndProject
Project("{9A19103F-16F7-4668-BE54-9A1E7A4F7556}") = "Task2.Tests", "Task2.Tests\Task2.Tests.csproj", "{15BEF432-A3CC-431E-BED6-EB5779F02947}"
EndProject
Global
	GlobalSection(SolutionConfigurationPlatforms) = preSolution
		Debug|Any CPU = Debug|Any CPU
		Release|Any CPU = Release|Any CPU
	EndGlobalSection
	GlobalSection(ProjectConfigurationPlatforms) = postSolution
		{357A7571-5B6C-46EA-8514-D9428EE52BB7}.Debug|Any CPU.ActiveCfg = Debug|Any CPU
		{357A7571-5B6C-46EA-8514-D9428EE52BB7}.Debug|Any CPU.Build.0 = Debug|Any CPU
		{357A7571-5B6C-46EA-8514-D9428EE52BB7}.Release|Any CPU.ActiveCfg = Release|Any CPU
		{357A7571-5B6C-46EA-8514-D9428EE52BB7}.Release|Any CPU.Build.0 = Release|Any CPU
		{15BEF432-A3CC-431E-BED6-EB5779F02947}.Debug|Any CPU.ActiveCfg = Debug|Any CPU
		{15BEF432-A3CC-431E-BED6-EB5779F02947}.Debug|Any CPU.Build.0 = Debug|Any CPU
		{15BEF432-A3CC-431E-BED6-EB5779F02947}.Release|Any CPU.ActiveCfg = Release|Any CPU
		{15BEF432-A3CC-431E-BED6-EB5779F02947}.Release|Any CPU.Build.0 = Release|Any CPU
	EndGlobalSection
	GlobalSection(SolutionProperties) = preSolution
		HideSolutionNode = FALSE
	EndGlobalSection
	GlobalSection(ExtensibilityGlobals) = postSolution
		SolutionGuid = {742F83ED-559A-4EAE-9209-2C819F942B82}
	EndGlobalSection
EndGlobal
